hash: 4ac8e3b72dde922c4aff1d8d3b94f349a63da216a805dc9ef06d770895eee1f5
updated: 2019-01-30T14:47:05.034677+09:00
imports:
- name: github.com/beorn7/perks
  version: 3ac7bf7a47d159a033b107610db8a1b6575507a4
  subpackages:
  - quantile
- name: github.com/cpuguy83/strongerrors
  version: 05f877ca1e627f0a1e01902ba78c63f1ef7db5a3
- name: github.com/davecgh/go-spew
  version: 782f4967f2dc4564575ca782fe2d04090b5faca8
  subpackages:
  - spew
- name: github.com/docker/distribution
  version: edc3ab29cdff8694dd6feb85cfeb4b5f1b38ed9c
  subpackages:
  - digestset
  - reference
- name: github.com/fsnotify/fsnotify
  version: f12c6236fe7b5cf6bcf30e5935d08cb079d78334
- name: github.com/gogo/protobuf
  version: 342cbe0a04158f6dcb03ca0079991a51a4248c02
  subpackages:
  - proto
  - sortkeys
- name: github.com/golang/groupcache
  version: 02826c3e79038b59d737d3b1c0a1d937f71a4433
  subpackages:
  - lru
- name: github.com/golang/protobuf
  version: b4deda0973fb4c70b50d226b1af49f3da59f5265
  subpackages:
  - proto
  - ptypes
  - ptypes/any
  - ptypes/duration
  - ptypes/timestamp
- name: github.com/google/btree
  version: 7d79101e329e5a3adf994758c578dab82b90c017
- name: github.com/google/gofuzz
  version: 44d81051d367757e1c7c6a5a86423ece9afcf63c
- name: github.com/googleapis/gnostic
  version: 0c5108395e2debce0d731cf0287ddf7242066aba
  subpackages:
  - OpenAPIv2
  - compiler
  - extensions
- name: github.com/gregjones/httpcache
  version: 787624de3eb7bd915c329cba748687a3b22666a6
  subpackages:
  - diskcache
- name: github.com/hashicorp/golang-lru
  version: a0d98a5f288019575c6d1f4bb1573fef2d1fcdc4
  subpackages:
  - simplelru
- name: github.com/hashicorp/hcl
  version: d8c773c4cba11b11539e3d45f93daeaa5dcf1fa1
  subpackages:
  - hcl/ast
  - hcl/parser
  - hcl/printer
  - hcl/scanner
  - hcl/strconv
  - hcl/token
  - json/parser
  - json/scanner
  - json/token
- name: github.com/inconshreveable/mousetrap
  version: 76626ae9c91c4f2a10f34cad8ce83ea42c93bb75
- name: github.com/json-iterator/go
  version: ab8a2e0c74be9d3be70b3184d9acc634935ded82
- name: github.com/konsorten/go-windows-terminal-sequences
  version: 5c8c8bd35d3832f5d134ae1e1e375b69a4d25242
- name: github.com/kr/fs
  version: 2788f0dbd16903de03cb8186e5c7d97b69ad387b
- name: github.com/magiconair/properties
  version: 61b492c03cf472e0c6419be5899b8e0dc28b1b88
- name: github.com/matttproud/golang_protobuf_extensions
  version: c12348ce28de40eed0136aa2b644d0ee0650e56c
  subpackages:
  - pbutil
- name: github.com/mitchellh/mapstructure
  version: 53818660ed4955e899c0bcafa97299a388bd7c8e
- name: github.com/modern-go/concurrent
  version: bacd9c7ef1dd9b15be4a9909b8ac7a4e313eec94
- name: github.com/modern-go/reflect2
  version: 94122c33edd36123c84d5368cfb2b69df93a0ec8
- name: github.com/opencontainers/go-digest
  version: a6d0ee40d4207ea02364bd3b9e8e77b9159ba1eb
- name: github.com/pelletier/go-toml
  version: c01d1270ff3e442a8a57cddc1c92dc1138598194
- name: github.com/peterbourgon/diskv
  version: 5f041e8faa004a95c88a202771f4cc3e991971e6
- name: github.com/pkg/errors
  version: ba968bfe8b2f7e042a574c888954fccecfa385b4
- name: github.com/pkg/sftp
  version: 4d0e916071f68db74f8a73926335f809396d6b42
- name: github.com/prometheus/client_golang
  version: abad2d1bd44235a26707c172eab6bca5bf2dbad3
  subpackages:
  - prometheus
  - prometheus/internal
  - prometheus/promhttp
  - prometheus/testutil
- name: github.com/prometheus/client_model
  version: fa8ad6fec33561be4280a8f0514318c79d7f6cb6
  subpackages:
  - go
- name: github.com/prometheus/common
  version: 13ba4ddd0caa9c28ca7b7bffe1dfa9ed8d5ef207
  subpackages:
  - expfmt
  - internal/bitbucket.org/ww/goautoneg
  - model
- name: github.com/prometheus/procfs
  version: 65c1f6f8f0fc1e2185eb9863a3bc751496404259
  subpackages:
  - xfs
- name: github.com/sirupsen/logrus
  version: 4ea4861398d99a2d05be29675c5b74caf7bea95e
- name: github.com/spf13/afero
  version: b28a7effac979219c2a2ed6205a4d70e4b1bcd02
  subpackages:
  - mem
  - sftp
- name: github.com/spf13/cast
  version: 8c9545af88b134710ab1cd196795e7f2388358d7
- name: github.com/spf13/cobra
  version: ef82de70bb3f60c65fb8eebacbb2d122ef517385
- name: github.com/spf13/jwalterweatherman
  version: 33c24e77fb80341fe7130ee7c594256ff08ccc46
- name: github.com/spf13/pflag
  version: 583c0c0531f06d5278b7d917446061adc344b5cd
- name: github.com/spf13/viper
  version: 6d33b5a963d922d182c91e8a1c88d81fd150cfd4
- name: golang.org/x/crypto
  version: de0752318171da717af4ce24d0a2e8626afaeb11
  subpackages:
  - bcrypt
  - blowfish
  - cryptobyte
  - cryptobyte/asn1
  - curve25519
  - ed25519
  - ed25519/internal/edwards25519
  - internal/chacha20
  - internal/subtle
  - nacl/secretbox
  - ocsp
  - pkcs12
  - pkcs12/internal/rc2
  - poly1305
  - salsa20/salsa
  - ssh
  - ssh/terminal
- name: golang.org/x/net
  version: 0ed95abb35c445290478a5348a7b38bb154135fd
  subpackages:
  - context
  - http2
  - http2/hpack
  - idna
  - lex/httplex
- name: golang.org/x/oauth2
  version: a6bd8cefa1811bd24b86f8902872e4e8225f74c4
  subpackages:
  - google
  - internal
  - jws
  - jwt
- name: golang.org/x/sys
  version: 95c6576299259db960f6c5b9b69ea52422860fce
  subpackages:
  - unix
  - windows
  - windows/registry
  - windows/svc
- name: golang.org/x/text
  version: b19bf474d317b857955b12035d2c5acb57ce8b01
  subpackages:
  - secure/bidirule
  - transform
  - unicode/bidi
  - unicode/norm
- name: golang.org/x/time
  version: f51c12702a4d776e4c1fa9b0fabab841babae631
  subpackages:
  - rate
- name: google.golang.org/appengine
  version: e9657d882bb81064595ca3b56cbe2546bbabf7b1
  subpackages:
  - internal
  - internal/base
  - internal/datastore
  - internal/log
  - internal/remote_api
  - internal/urlfetch
  - urlfetch
- name: gopkg.in/inf.v0
  version: 3887ee99ecf07df5b447e9b00d9c0b2adaa9f3e4
- name: gopkg.in/square/go-jose.v2
  version: 89060dee6a84df9a4dae49f676f0c755037834f1
  subpackages:
  - cipher
  - json
  - jwt
- name: gopkg.in/yaml.v2
  version: 51d6538a90f86fe93ac480b35f37b2be17fef232
- name: k8s.io/api
  version: ae57edb710cd3eb509bd3ee3a3284f61d3deb1f1
  subpackages:
  - admissionregistration/v1beta1
  - apps/v1
  - apps/v1beta1
  - apps/v1beta2
  - auditregistration/v1alpha1
  - authentication/v1
  - authentication/v1beta1
  - authorization/v1
  - authorization/v1beta1
  - autoscaling/v1
  - autoscaling/v2beta1
  - autoscaling/v2beta2
  - batch/v1
  - batch/v1beta1
  - batch/v2alpha1
  - certificates/v1beta1
  - coordination/v1
  - coordination/v1beta1
  - core/v1
  - events/v1beta1
  - extensions/v1beta1
  - networking/v1
  - policy/v1beta1
  - rbac/v1
  - rbac/v1alpha1
  - rbac/v1beta1
  - scheduling/v1alpha1
  - scheduling/v1beta1
  - settings/v1alpha1
  - storage/v1
  - storage/v1alpha1
  - storage/v1beta1
- name: k8s.io/apiextensions-apiserver
  version: 9f17d72d862ef8e7e718fb15395f34e9512e2842
  subpackages:
  - pkg/features
- name: k8s.io/apimachinery
  version: 194b250ec96e370201081ab3110f2397477ba1c2
  subpackages:
  - pkg/api/equality
  - pkg/api/errors
  - pkg/api/meta
  - pkg/api/resource
  - pkg/api/validation
  - pkg/api/validation/path
  - pkg/apis/meta/internalversion
  - pkg/apis/meta/v1
  - pkg/apis/meta/v1/unstructured
  - pkg/apis/meta/v1/validation
  - pkg/apis/meta/v1beta1
  - pkg/conversion
  - pkg/conversion/queryparams
  - pkg/fields
  - pkg/labels
  - pkg/runtime
  - pkg/runtime/schema
  - pkg/runtime/serializer
  - pkg/runtime/serializer/json
  - pkg/runtime/serializer/protobuf
  - pkg/runtime/serializer/recognizer
  - pkg/runtime/serializer/streaming
  - pkg/runtime/serializer/versioning
  - pkg/selection
  - pkg/types
  - pkg/util/cache
  - pkg/util/clock
  - pkg/util/diff
  - pkg/util/errors
  - pkg/util/framer
  - pkg/util/intstr
  - pkg/util/json
  - pkg/util/mergepatch
  - pkg/util/naming
  - pkg/util/net
  - pkg/util/rand
  - pkg/util/runtime
  - pkg/util/sets
  - pkg/util/strategicpatch
  - pkg/util/validation
  - pkg/util/validation/field
  - pkg/util/wait
  - pkg/util/yaml
  - pkg/version
  - pkg/watch
  - third_party/forked/golang/json
  - third_party/forked/golang/reflect
- name: k8s.io/apiserver
  version: 61858bb63dee33ddbc2036a639859255d83aa5db
  subpackages:
  - pkg/authentication/authenticator
  - pkg/authentication/serviceaccount
  - pkg/authentication/user
  - pkg/features
  - pkg/storage
  - pkg/storage/etcd
  - pkg/util/feature
- name: k8s.io/client-go
  version: cce357d05478ccd556a97813e381ff8fa7bcf6aa
  subpackages:
  - discovery
  - informers
  - informers/admissionregistration
  - informers/admissionregistration/v1beta1
  - informers/apps
  - informers/apps/v1
  - informers/apps/v1beta1
  - informers/apps/v1beta2
  - informers/auditregistration
  - informers/auditregistration/v1alpha1
  - informers/autoscaling
  - informers/autoscaling/v1
  - informers/autoscaling/v2beta1
  - informers/autoscaling/v2beta2
  - informers/batch
  - informers/batch/v1
  - informers/batch/v1beta1
  - informers/batch/v2alpha1
  - informers/certificates
  - informers/certificates/v1beta1
  - informers/coordination
  - informers/coordination/v1
  - informers/coordination/v1beta1
  - informers/core
  - informers/core/v1
  - informers/events
  - informers/events/v1beta1
  - informers/extensions
  - informers/extensions/v1beta1
  - informers/internalinterfaces
  - informers/networking
  - informers/networking/v1
  - informers/policy
  - informers/policy/v1beta1
  - informers/rbac
  - informers/rbac/v1
  - informers/rbac/v1alpha1
  - informers/rbac/v1beta1
  - informers/scheduling
  - informers/scheduling/v1alpha1
  - informers/scheduling/v1beta1
  - informers/settings
  - informers/settings/v1alpha1
  - informers/storage
  - informers/storage/v1
  - informers/storage/v1alpha1
  - informers/storage/v1beta1
  - kubernetes
  - kubernetes/scheme
  - kubernetes/typed/admissionregistration/v1beta1
  - kubernetes/typed/apps/v1
  - kubernetes/typed/apps/v1beta1
  - kubernetes/typed/apps/v1beta2
  - kubernetes/typed/auditregistration/v1alpha1
  - kubernetes/typed/authentication/v1
  - kubernetes/typed/authentication/v1beta1
  - kubernetes/typed/authorization/v1
  - kubernetes/typed/authorization/v1beta1
  - kubernetes/typed/autoscaling/v1
  - kubernetes/typed/autoscaling/v2beta1
  - kubernetes/typed/autoscaling/v2beta2
  - kubernetes/typed/batch/v1
  - kubernetes/typed/batch/v1beta1
  - kubernetes/typed/batch/v2alpha1
  - kubernetes/typed/certificates/v1beta1
  - kubernetes/typed/coordination/v1
  - kubernetes/typed/coordination/v1beta1
  - kubernetes/typed/core/v1
  - kubernetes/typed/events/v1beta1
  - kubernetes/typed/extensions/v1beta1
  - kubernetes/typed/networking/v1
  - kubernetes/typed/policy/v1beta1
  - kubernetes/typed/rbac/v1
  - kubernetes/typed/rbac/v1alpha1
  - kubernetes/typed/rbac/v1beta1
  - kubernetes/typed/scheduling/v1alpha1
  - kubernetes/typed/scheduling/v1beta1
  - kubernetes/typed/settings/v1alpha1
  - kubernetes/typed/storage/v1
  - kubernetes/typed/storage/v1alpha1
  - kubernetes/typed/storage/v1beta1
  - listers/admissionregistration/v1beta1
  - listers/apps/v1
  - listers/apps/v1beta1
  - listers/apps/v1beta2
  - listers/auditregistration/v1alpha1
  - listers/autoscaling/v1
  - listers/autoscaling/v2beta1
  - listers/autoscaling/v2beta2
  - listers/batch/v1
  - listers/batch/v1beta1
  - listers/batch/v2alpha1
  - listers/certificates/v1beta1
  - listers/coordination/v1
  - listers/coordination/v1beta1
  - listers/core/v1
  - listers/events/v1beta1
  - listers/extensions/v1beta1
  - listers/networking/v1
  - listers/policy/v1beta1
  - listers/rbac/v1
  - listers/rbac/v1alpha1
  - listers/rbac/v1beta1
  - listers/scheduling/v1alpha1
  - listers/scheduling/v1beta1
  - listers/settings/v1alpha1
  - listers/storage/v1
  - listers/storage/v1alpha1
  - listers/storage/v1beta1
  - pkg/apis/clientauthentication
  - pkg/apis/clientauthentication/v1alpha1
  - pkg/apis/clientauthentication/v1beta1
  - pkg/version
  - plugin/pkg/client/auth/exec
  - rest
  - rest/watch
  - tools/cache
  - tools/clientcmd/api
  - tools/metrics
  - tools/pager
  - tools/record
  - tools/record/util
  - tools/reference
  - tools/watch
  - transport
  - util/cert
  - util/connrotation
  - util/flowcontrol
  - util/retry
  - util/workqueue
- name: k8s.io/cloud-provider
  version: ead0a7ef9a78acceb5fa5d174b9e5a681285cf51
- name: k8s.io/csi-api
  version: 44b4e43813fb993187d8f6faab18309bb7050d3a
  subpackages:
  - pkg/apis/csi/v1alpha1
  - pkg/client/clientset/versioned
  - pkg/client/clientset/versioned/scheme
  - pkg/client/clientset/versioned/typed/csi/v1alpha1
- name: k8s.io/klog
  version: 8139d8cb77af419532b33dfa7dd09fbc5f1d344f
- name: k8s.io/kube-openapi
  version: ced9eb3070a5f1c548ef46e8dfe2a97c208d9f03
  subpackages:
  - cmd/openapi-gen
  - cmd/openapi-gen/args
  - pkg/aggregator
  - pkg/builder
  - pkg/common
  - pkg/generators
  - pkg/generators/rules
  - pkg/handler
  - pkg/util
  - pkg/util/proto
  - pkg/util/proto/testing
  - pkg/util/proto/validation
  - pkg/util/sets
- name: k8s.io/kubernetes
  version: 2e90d92db9a807fcc140977e7a4798c6078014c2
  subpackages:
  - pkg/api/legacyscheme
  - pkg/api/service
  - pkg/api/v1/pod
  - pkg/apis/apps
  - pkg/apis/autoscaling
  - pkg/apis/core
  - pkg/apis/core/helper
  - pkg/apis/core/install
  - pkg/apis/core/pods
  - pkg/apis/core/v1
  - pkg/apis/core/v1/helper
  - pkg/apis/core/v1/helper/qos
  - pkg/apis/core/validation
  - pkg/apis/scheduling
  - pkg/capabilities
  - pkg/controller
  - pkg/controller/volume/events
  - pkg/controller/volume/persistentvolume
  - pkg/controller/volume/persistentvolume/metrics
  - pkg/features
  - pkg/fieldpath
  - pkg/kubelet/apis
  - pkg/kubelet/types
  - pkg/master/ports
  - pkg/scheduler/algorithm
  - pkg/scheduler/algorithm/predicates
  - pkg/scheduler/algorithm/priorities
  - pkg/scheduler/algorithm/priorities/util
  - pkg/scheduler/api
  - pkg/scheduler/core
  - pkg/scheduler/internal/cache
  - pkg/scheduler/internal/queue
  - pkg/scheduler/metrics
  - pkg/scheduler/nodeinfo
  - pkg/scheduler/plugins/v1alpha1
  - pkg/scheduler/util
  - pkg/scheduler/volumebinder
  - pkg/security/apparmor
  - pkg/serviceaccount
  - pkg/util/file
  - pkg/util/goroutinemap
  - pkg/util/goroutinemap/exponentialbackoff
  - pkg/util/hash
  - pkg/util/mount
  - pkg/util/net/sets
  - pkg/util/node
  - pkg/util/parsers
  - pkg/util/resizefs
  - pkg/util/strings
  - pkg/util/taints
  - pkg/volume
  - pkg/volume/util
  - pkg/volume/util/fs
  - pkg/volume/util/recyclerclient
  - pkg/volume/util/types
  - pkg/volume/util/volumepathhandler
- name: k8s.io/utils
  version: 8a87304934321b4b0ad72a7cb3cbc715d67d38c7
  subpackages:
  - buffer
  - clock
  - exec
  - exec/testing
  - integer
  - io
  - nsenter
  - pointer
  - trace
- name: sigs.k8s.io/yaml
  version: fd68e9863619f6ec2fdd8625fe1f02e7c877e480
testImports: []
